# This file is automatically @generated by Cargo.
# It is not intended for manual editing.
version = 4

[[package]]
name = "shikomi-cli"
version = "0.1.0"

[[package]]
name = "shikomi-core"
version = "0.1.0"

[[package]]
name = "shikomi-daemon"
version = "0.1.0"

[[package]]
name = "shikomi-gui"
version = "0.1.0"

[[package]]
name = "shikomi-infra"
version = "0.1.0"
